{
  "version": "4",
  "redirects": {
    "https://esm.sh/v132/@types/glob-to-regexp@~0.4/index.d.ts": "https://esm.sh/v132/@types/glob-to-regexp@0.4.4/index.d.ts"
  },
  "remote": {
    "https://deno.land/std@0.140.0/fmt/colors.ts": "30455035d6d728394781c10755351742dd731e3db6771b1843f9b9e490104d37",
    "https://deno.land/std@0.140.0/testing/_diff.ts": "029a00560b0d534bc0046f1bce4bd36b3b41ada3f2a3178c85686eb2ff5f1413",
    "https://deno.land/std@0.140.0/testing/_format.ts": "0d8dc79eab15b67cdc532826213bbe05bccfd276ca473a50a3fc7bbfb7260642",
    "https://deno.land/std@0.140.0/testing/asserts.ts": "3eea146ece74b36d4add6243c19c302e47b2b0201fbeceeeb243b06b6b410af7",
    "https://deno.land/std@0.145.0/fmt/colors.ts": "6f9340b7fb8cc25a993a99e5efc56fe81bb5af284ff412129dd06df06f53c0b4",
    "https://deno.land/std@0.145.0/testing/_diff.ts": "029a00560b0d534bc0046f1bce4bd36b3b41ada3f2a3178c85686eb2ff5f1413",
    "https://deno.land/std@0.145.0/testing/_format.ts": "0d8dc79eab15b67cdc532826213bbe05bccfd276ca473a50a3fc7bbfb7260642",
    "https://deno.land/std@0.145.0/testing/_test_suite.ts": "ad453767aeb8c300878a6b7920e20370f4ce92a7b6c8e8a5d1ac2b7c14a09acb",
    "https://deno.land/std@0.145.0/testing/asserts.ts": "319df43e1e6bba2520508f6090a21a9a640cbe2754d255aee17cd1dfa78c2ff6",
    "https://deno.land/std@0.145.0/testing/bdd.ts": "182bb823e09bd75b76063ecf50722870101b7cfadf97a09fa29127279dc21128",
    "https://deno.land/std@0.97.0/fmt/colors.ts": "db22b314a2ae9430ae7460ce005e0a7130e23ae1c999157e3bb77cf55800f7e4",
    "https://deno.land/std@0.97.0/testing/_diff.ts": "961eaf6d9f5b0a8556c9d835bbc6fa74f5addd7d3b02728ba7936ff93364f7a3",
    "https://deno.land/std@0.97.0/testing/asserts.ts": "341292d12eebc44be4c3c2ca101ba8b6b5859cef2fa69d50c217f9d0bfbcfd1f",
    "https://deno.land/x/continuation@0.1.0/mod.ts": "e9579e5bacf37a837b67f06997ede088ac477f1b2bbbace5f7bbd5b55fef8cce",
    "https://deno.land/x/expect@v0.2.9/expect.ts": "128c60f94ff3f977e2a649463238e403f9bdb8e6ab77e65214c0236bd61b0111",
    "https://deno.land/x/expect@v0.2.9/matchers.ts": "ba7360b73c5031a22449fa98eb4d5dbe7f256a88dd4c22ccae96dc6c01f0b19c",
    "https://deno.land/x/expect@v0.2.9/mock.ts": "562d4b1d735d15b0b8e935f342679096b64fe452f86e96714fe8616c0c884914",
    "https://deno.land/x/expect@v0.2.9/mod.ts": "0304d2430e1e96ba669a8495e24ba606dcc3d152e1f81aaa8da898cea24e36c2",
    "https://deno.land/x/gaussian@v0.1.0/box-muller.ts": "7216534e13366883b27059a816f6c45d0c3d1d657f8d604189f986565ea50689",
    "https://deno.land/x/gaussian@v0.1.0/gaussian.ts": "b87ae072c807b8ef68bcabd371337568162e9aa2c8b32337e75dd1942065ed17",
    "https://deno.land/x/gaussian@v0.1.0/mod.ts": "fe24aeffe2d9b5b6b2644e6c86b2d6b82ec9359c9eee50b1ba5083baee965af5",
    "https://deno.land/x/seed@1.0.0/index.ts": "c1a656ad944010516e8b95324d93627ea1766b523ca9d4f841319b2066fa8495",
    "https://deno.land/x/seed@1.0.0/prngs.ts": "d999a383736eca2b7966dd245cd38b29e4440156e9e33d2248e581193dd62e42",
    "https://deno.land/x/seed@1.0.0/utils.ts": "0a9f0f13bfd6016cb07ac7b830d2f0550113fba8b1d07e19dced7a9250c44bd5",
    "https://esm.sh/alea@1.0.1?pin=v132": "813250725c871eb287ef992284231bfe498dc5d7cb1e13ee15950e38c3459ba0",
    "https://esm.sh/glob-to-regexp@0.4.1?pin=v132": "772e9fce7e1cd77a82e3d523ece9a349eb032fec17146ca3e4163a6b594106e3",
    "https://esm.sh/graphql@16.6.0?pin=v132": "6ab85614193688b2e2ad87f7e25760619bbda4a37ad9c2b025584214e7f7eece",
    "https://esm.sh/hash.js@1.1.7?pin=v132": "272d0cf50eb60257ec011125eaab6afa4fa5415590018257fc0fe102c6328b80",
    "https://esm.sh/v132/alea@1.0.1/denonext/alea.mjs": "90b44f81a636777cb849a749bdce783c65f645e9050cc58c5e8509b2a28ea475",
    "https://esm.sh/v132/glob-to-regexp@0.4.1/denonext/glob-to-regexp.mjs": "ac25c0581e5b203507a409913d863969c132697351c61e3a73485c319c8fd639",
    "https://esm.sh/v132/graphql@16.6.0/denonext/graphql.mjs": "799498b21523a9bfa7398e9f4c1a7adb069429874c4d59e77a121fc831571722",
    "https://esm.sh/v132/hash.js@1.1.7/denonext/hash.mjs": "da540314f3db4cf88d5ed4f994f626eb9e56394a4eef9eb3359c68dd791f1959",
    "https://esm.sh/v132/inherits@2.0.4/denonext/inherits.mjs": "8095f3d6aea060c904fb24ae50f2882779c0acbe5d56814514c8b5153f3b4b3b",
    "https://esm.sh/v132/minimalistic-assert@1.0.1/denonext/minimalistic-assert.mjs": "9f5052e2c0ca7967ae65aee90db64a4f2014eebe14d6b774933e05d349c79c83"
  }
}
